
Microsoft Visual Studio Solution File, Format Version 12.00
# Visual Studio Version 17
VisualStudioVersion = 17.4.33213.308
MinimumVisualStudioVersion = 10.0.40219.1
Project("{9A19103F-16F7-4668-BE54-9A1E7A4F7556}") = "BrokerTraderPlugin", "BrokerTraderPlugin.csproj", "{84966050-1AF4-4079-AE0D-A4C1594ADE71}"
EndProject
Global
	GlobalSection(SolutionConfigurationPlatforms) = preSolution
		Debug|Any CPU = Debug|Any CPU
		Release|Any CPU = Release|Any CPU
	EndGlobalSection
	GlobalSection(ProjectConfigurationPlatforms) = postSolution
		{84966050-1AF4-4079-AE0D-A4C1594ADE71}.Debug|Any CPU.ActiveCfg = Debug|Any CPU
		{84966050-1AF4-4079-AE0D-A4C1594ADE71}.Debug|Any CPU.Build.0 = Debug|Any CPU
		{84966050-1AF4-4079-AE0D-A4C1594ADE71}.Release|Any CPU.ActiveCfg = Release|Any CPU
		{84966050-1AF4-4079-AE0D-A4C1594ADE71}.Release|Any CPU.Build.0 = Release|Any CPU
	EndGlobalSection
	GlobalSection(SolutionProperties) = preSolution
		HideSolutionNode = FALSE
	EndGlobalSection
	GlobalSection(ExtensibilityGlobals) = postSolution
		SolutionGuid = {5EF77BF4-8131-4185-B6F8-E9E91A0336B7}
	EndGlobalSection
EndGlobal
